
Microsoft Visual Studio Solution File, Format Version 12.00
# Visual Studio Version 16
VisualStudioVersion = 16.0.29311.281
MinimumVisualStudioVersion = 10.0.40219.1
Project("{9A19103F-16F7-4668-BE54-9A1E7A4F7556}") = "MVC_Core_FamilyApp_2019_10_12_Sqlite", "MVC_Core_FamilyApp_2019_10_12_Sqlite.csproj", "{8081BD44-9D31-465A-8E7B-56783F7A28DC}"
EndProject
Global
	GlobalSection(SolutionConfigurationPlatforms) = preSolution
		Debug|Any CPU = Debug|Any CPU
		Release|Any CPU = Release|Any CPU
	EndGlobalSection
	GlobalSection(ProjectConfigurationPlatforms) = postSolution
		{8081BD44-9D31-465A-8E7B-56783F7A28DC}.Debug|Any CPU.ActiveCfg = Debug|Any CPU
		{8081BD44-9D31-465A-8E7B-56783F7A28DC}.Debug|Any CPU.Build.0 = Debug|Any CPU
		{8081BD44-9D31-465A-8E7B-56783F7A28DC}.Release|Any CPU.ActiveCfg = Release|Any CPU
		{8081BD44-9D31-465A-8E7B-56783F7A28DC}.Release|Any CPU.Build.0 = Release|Any CPU
	EndGlobalSection
	GlobalSection(SolutionProperties) = preSolution
		HideSolutionNode = FALSE
	EndGlobalSection
	GlobalSection(ExtensibilityGlobals) = postSolution
		SolutionGuid = {4BA2A3C4-7E2B-4406-B0DF-CA3D880CE8E3}
	EndGlobalSection
EndGlobal
